
Microsoft Visual Studio Solution File, Format Version 12.00
# Visual Studio Version 17
VisualStudioVersion = 17.1.32328.378
MinimumVisualStudioVersion = 10.0.40219.1
Project("{8BC9CEB8-8B4A-11D0-8D11-00A0C91BC942}") = "Mini Text Editor (GEN_106)", "Mini Text Editor (GEN_106)\Mini Text Editor (GEN_106).vcxproj", "{06FA5E2B-7D8D-4CF1-A0E0-6D7A8648AABE}"
EndProject
Global
	GlobalSection(SolutionConfigurationPlatforms) = preSolution
		Debug|x64 = Debug|x64
		Debug|x86 = Debug|x86
		Release|x64 = Release|x64
		Release|x86 = Release|x86
	EndGlobalSection
	GlobalSection(ProjectConfigurationPlatforms) = postSolution
		{06FA5E2B-7D8D-4CF1-A0E0-6D7A8648AABE}.Debug|x64.ActiveCfg = Debug|x64
		{06FA5E2B-7D8D-4CF1-A0E0-6D7A8648AABE}.Debug|x64.Build.0 = Debug|x64
		{06FA5E2B-7D8D-4CF1-A0E0-6D7A8648AABE}.Debug|x86.ActiveCfg = Debug|Win32
		{06FA5E2B-7D8D-4CF1-A0E0-6D7A8648AABE}.Debug|x86.Build.0 = Debug|Win32
		{06FA5E2B-7D8D-4CF1-A0E0-6D7A8648AABE}.Release|x64.ActiveCfg = Release|x64
		{06FA5E2B-7D8D-4CF1-A0E0-6D7A8648AABE}.Release|x64.Build.0 = Release|x64
		{06FA5E2B-7D8D-4CF1-A0E0-6D7A8648AABE}.Release|x86.ActiveCfg = Release|Win32
		{06FA5E2B-7D8D-4CF1-A0E0-6D7A8648AABE}.Release|x86.Build.0 = Release|Win32
	EndGlobalSection
	GlobalSection(SolutionProperties) = preSolution
		HideSolutionNode = FALSE
	EndGlobalSection
	GlobalSection(ExtensibilityGlobals) = postSolution
		SolutionGuid = {7E2FCC0F-72FC-4890-961F-9F92E91894E7}
	EndGlobalSection
EndGlobal
